
Microsoft Visual Studio Solution File, Format Version 12.00
# Visual Studio Version 17
VisualStudioVersion = 17.2.32616.157
MinimumVisualStudioVersion = 10.0.40219.1
Project("{9A19103F-16F7-4668-BE54-9A1E7A4F7556}") = "Granny's-Hot-Box", "Granny's-Hot-Box\Granny's-Hot-Box.csproj", "{D5619DE3-9879-484D-9B4F-B80953DFE22C}"
EndProject
Global
	GlobalSection(SolutionConfigurationPlatforms) = preSolution
		Debug|Any CPU = Debug|Any CPU
		Release|Any CPU = Release|Any CPU
	EndGlobalSection
	GlobalSection(ProjectConfigurationPlatforms) = postSolution
		{D5619DE3-9879-484D-9B4F-B80953DFE22C}.Debug|Any CPU.ActiveCfg = Debug|Any CPU
		{D5619DE3-9879-484D-9B4F-B80953DFE22C}.Debug|Any CPU.Build.0 = Debug|Any CPU
		{D5619DE3-9879-484D-9B4F-B80953DFE22C}.Release|Any CPU.ActiveCfg = Release|Any CPU
		{D5619DE3-9879-484D-9B4F-B80953DFE22C}.Release|Any CPU.Build.0 = Release|Any CPU
	EndGlobalSection
	GlobalSection(SolutionProperties) = preSolution
		HideSolutionNode = FALSE
	EndGlobalSection
	GlobalSection(ExtensibilityGlobals) = postSolution
		SolutionGuid = {24B184DF-0D50-49EB-BDD0-EC48BF13A9C5}
	EndGlobalSection
EndGlobal
